{
  "requires": true,
  "lockfileVersion": 1,
  "dependencies": {
    "agent-base": {
      "version": "1.0.2",
      "resolved": "https://registry.npmjs.org/agent-base/-/agent-base-1.0.2.tgz",
      "integrity": "sha1-aJDT+yFwBLYrcPiSjg+uX4lSpwY="
    },
    "archy": {
      "version": "0.0.2",
      "resolved": "https://registry.npmjs.org/archy/-/archy-0.0.2.tgz",
      "integrity": "sha1-kQ9Dv2YUH8M1VkWXq8GJ30Sz014="
    },
    "asynckit": {
      "version": "0.4.0",
      "resolved": "https://registry.npmjs.org/asynckit/-/asynckit-0.4.0.tgz",
      "integrity": "sha1-x57Zf380y48robyXkLzDZkdLS3k="
    },
    "batch": {
      "version": "0.3.2",
      "resolved": "https://registry.npmjs.org/batch/-/batch-0.3.2.tgz",
      "integrity": "sha1-j4AsE1i+KzNTX4gI4KI8nwB1czs="
    },
    "better-assert": {
      "version": "0.1.0",
      "resolved": "https://registry.npmjs.org/better-assert/-/better-assert-0.1.0.tgz",
      "integrity": "sha1-M7Ty8KQzb/inNEggUWAwkVJrop4=",
      "requires": {
        "callsite": "*"
      }
    },
    "callsite": {
      "version": "1.0.0",
      "resolved": "https://registry.npmjs.org/callsite/-/callsite-1.0.0.tgz",
      "integrity": "sha1-KAOY5dZkvXQDi28JBRU+borxvCA="
    },
    "combined-stream": {
      "version": "1.0.6",
      "resolved": "https://registry.npmjs.org/combined-stream/-/combined-stream-1.0.6.tgz",
      "integrity": "sha1-cj599ugBrFYTETp+RFqbactjKBg=",
      "requires": {
        "delayed-stream": "~1.0.0"
      }
    },
    "commander": {
      "version": "2.0.0",
      "resolved": "https://registry.npmjs.org/commander/-/commander-2.0.0.tgz",
      "integrity": "sha1-0bhvkB+LZL2UG96tr5JFMDk76Sg="
    },
    "component": {
      "version": "0.18.0",
      "resolved": "https://registry.npmjs.org/component/-/component-0.18.0.tgz",
      "integrity": "sha1-ss3eAQ4CUU2J7MGcv4Hds/nvNOY=",
      "requires": {
        "archy": "0.0.2",
        "batch": "0.3.2",
        "commander": "1.0.5",
        "component-builder": "0.10.0",
        "debug": "*",
        "jog": "0.4.0",
        "mkdirp": "0.3.4",
        "netrc": "~0.1.3",
        "open": "0.0.4",
        "rimraf": "~2.1.4",
        "string-to-js": "0.0.1",
        "superagent": "0.15.3",
        "superagent-proxy": "0.0.1",
        "win-fork": "1.0.0"
      },
      "dependencies": {
        "commander": {
          "version": "1.0.5",
          "resolved": "https://registry.npmjs.org/commander/-/commander-1.0.5.tgz",
          "integrity": "sha1-RXKVu5duOI6d0NtS3kMz4knz2Iw=",
          "requires": {
            "keypress": "0.1.x"
          }
        },
        "component-builder": {
          "version": "0.10.0",
          "resolved": "https://registry.npmjs.org/component-builder/-/component-builder-0.10.0.tgz",
          "integrity": "sha1-Xp7vrW4oO066g5pTbGJbz2/5JF8=",
          "requires": {
            "batch": "0.2.1",
            "better-assert": "~0.1.0",
            "component-require": "0.3.1",
            "cp": "~0.1.0",
            "debug": "*",
            "mkdirp": "0.3.4",
            "string-to-js": "0.0.1"
          },
          "dependencies": {
            "batch": {
              "version": "0.2.1",
              "resolved": "https://registry.npmjs.org/batch/-/batch-0.2.1.tgz",
              "integrity": "sha1-RGOZe7TV/Rx6ARVIgT5SqhicLHk="
            }
          }
        },
        "cookiejar": {
          "version": "1.3.0",
          "resolved": "https://registry.npmjs.org/cookiejar/-/cookiejar-1.3.0.tgz",
          "integrity": "sha1-3QCzVnkCHpnL1OhVua0EGRNHR2U="
        },
        "formidable": {
          "version": "1.0.14",
          "resolved": "https://registry.npmjs.org/formidable/-/formidable-1.0.14.tgz",
          "integrity": "sha1-Kz9MQRy7X91pXESEPiojUUpDIxo="
        },
        "methods": {
          "version": "0.0.1",
          "resolved": "https://registry.npmjs.org/methods/-/methods-0.0.1.tgz",
          "integrity": "sha1-J3yQ+L7zlwlkWoNxxRw7bGSOBow="
        },
        "mime": {
          "version": "1.2.5",
          "resolved": "https://registry.npmjs.org/mime/-/mime-1.2.5.tgz",
          "integrity": "sha1-nu0HMCKov14WyFZsaGe4gyv7+hM="
        },
        "qs": {
          "version": "0.6.5",
          "resolved": "https://registry.npmjs.org/qs/-/qs-0.6.5.tgz",
          "integrity": "sha1-KUsmjksNQlD23eGbO4s0k13/FO8="
        },
        "superagent": {
          "version": "0.15.3",
          "resolved": "https://registry.npmjs.org/superagent/-/superagent-0.15.3.tgz",
          "integrity": "sha1-6jVzqxp3PUGG+vBHcQBySUQBPx0=",
          "requires": {
            "cookiejar": "1.3.0",
            "debug": "~0.7.2",
            "emitter-component": "1.0.0",
            "formidable": "1.0.14",
            "methods": "0.0.1",
            "mime": "1.2.5",
            "qs": "0.6.5"
          },
          "dependencies": {
            "debug": {
              "version": "0.7.4",
              "resolved": "https://registry.npmjs.org/debug/-/debug-0.7.4.tgz",
              "integrity": "sha1-BuHqgILCyxTjmAbiLi9vdX+Srzk="
            }
          }
        }
      }
    },
    "component-builder": {
      "version": "0.8.3",
      "resolved": "https://registry.npmjs.org/component-builder/-/component-builder-0.8.3.tgz",
      "integrity": "sha1-xFX11CZbatc7KPAB3g6Yk+AlnNQ=",
      "requires": {
        "batch": "0.2.1",
        "better-assert": "~0.1.0",
        "component-require": "0.2.2",
        "debug": "*",
        "fs-extra": "~0.6.0",
        "mkdirp": "0.3.4"
      },
      "dependencies": {
        "batch": {
          "version": "0.2.1",
          "resolved": "https://registry.npmjs.org/batch/-/batch-0.2.1.tgz",
          "integrity": "sha1-RGOZe7TV/Rx6ARVIgT5SqhicLHk="
        },
        "component-require": {
          "version": "0.2.2",
          "resolved": "https://registry.npmjs.org/component-require/-/component-require-0.2.2.tgz",
          "integrity": "sha1-e998UlqLLyg87xNPzAtUAeEFDoQ="
        }
      }
    },
    "component-emitter": {
      "version": "1.2.1",
      "resolved": "https://registry.npmjs.org/component-emitter/-/component-emitter-1.2.1.tgz",
      "integrity": "sha1-E3kY1teCg/ffemt8WmPhQOaUJeY="
    },
    "component-require": {
      "version": "0.3.1",
      "resolved": "https://registry.npmjs.org/component-require/-/component-require-0.3.1.tgz",
      "integrity": "sha1-UKAOLiyw/ic6tCaP4grkgE81/m0="
    },
    "component-stylus": {
      "version": "1.1.3",
      "resolved": "https://registry.npmjs.org/component-stylus/-/component-stylus-1.1.3.tgz",
      "integrity": "sha1-tCJkHeVHucwSYvJ8FSYWJq3yUo4=",
      "requires": {
        "batch": "~0.3.0",
        "debug": "~0.7.0",
        "nib": "~0.9.1",
        "stylus": "~0.32.0"
      },
      "dependencies": {
        "debug": {
          "version": "0.7.4",
          "resolved": "https://registry.npmjs.org/debug/-/debug-0.7.4.tgz",
          "integrity": "sha1-BuHqgILCyxTjmAbiLi9vdX+Srzk="
        }
      }
    },
    "cookiejar": {
      "version": "2.1.2",
      "resolved": "https://registry.npmjs.org/cookiejar/-/cookiejar-2.1.2.tgz",
      "integrity": "sha512-Mw+adcfzPxcPeI+0WlvRrr/3lGVO0bD75SxX6811cxSh1Wbxx7xZBGK1eVtDf6si8rg2lhnUjsVLMFMfbRIuwA=="
    },
    "core-util-is": {
      "version": "1.0.2",
      "resolved": "https://registry.npmjs.org/core-util-is/-/core-util-is-1.0.2.tgz",
      "integrity": "sha1-tf1UIgqivFq1eqtxQMlAdUUDwac="
    },
    "cp": {
      "version": "0.1.1",
      "resolved": "https://registry.npmjs.org/cp/-/cp-0.1.1.tgz",
      "integrity": "sha1-OUanbBpT/+DmhZPzQcEkszbB8G0="
    },
    "cssom": {
      "version": "0.2.5",
      "resolved": "https://registry.npmjs.org/cssom/-/cssom-0.2.5.tgz",
      "integrity": "sha1-JoJwm1kC5yEt9SkRb/eIzVslSJQ="
    },
    "debug": {
      "version": "3.1.0",
      "resolved": "https://registry.npmjs.org/debug/-/debug-3.1.0.tgz",
      "integrity": "sha512-OX8XqP7/1a9cqkxYw2yXss15f26NKWBpDXQd0/uK/KPqdQhxbPa994hnzjcE2VqQpDslf55723cKPUOGSmMY3g==",
      "requires": {
        "ms": "2.0.0"
      }
    },
    "delayed-stream": {
      "version": "1.0.0",
      "resolved": "https://registry.npmjs.org/delayed-stream/-/delayed-stream-1.0.0.tgz",
      "integrity": "sha1-3zrhmayt+31ECqrgsp4icrJOxhk="
    },
    "emitter-component": {
      "version": "1.0.0",
      "resolved": "https://registry.npmjs.org/emitter-component/-/emitter-component-1.0.0.tgz",
      "integrity": "sha1-8E3Rj8PcPpp0y8DzELCIZm5MAW8="
    },
    "extend": {
      "version": "3.0.2",
      "resolved": "https://registry.npmjs.org/extend/-/extend-3.0.2.tgz",
      "integrity": "sha512-fjquC59cD7CyW6urNXK0FBufkZcoiGG80wTuPujX590cB5Ttln20E2UB4S/WARVqhXffZl2LNgS+gQdPIIim/g=="
    },
    "form-data": {
      "version": "2.3.2",
      "resolved": "https://registry.npmjs.org/form-data/-/form-data-2.3.2.tgz",
      "integrity": "sha1-SXBJi+YEwgwAXU9cI67NIda0kJk=",
      "requires": {
        "asynckit": "^0.4.0",
        "combined-stream": "1.0.6",
        "mime-types": "^2.1.12"
      }
    },
    "formidable": {
      "version": "1.2.1",
      "resolved": "https://registry.npmjs.org/formidable/-/formidable-1.2.1.tgz",
      "integrity": "sha512-Fs9VRguL0gqGHkXS5GQiMCr1VhZBxz0JnJs4JmMp/2jL18Fmbzvv7vOFRU+U8TBkHEE/CX1qDXzJplVULgsLeg=="
    },
    "fs-extra": {
      "version": "0.6.4",
      "resolved": "https://registry.npmjs.org/fs-extra/-/fs-extra-0.6.4.tgz",
      "integrity": "sha1-9G8MdbeEH40gCzNIzU1pHVoJnRU=",
      "requires": {
        "jsonfile": "~1.0.1",
        "mkdirp": "0.3.x",
        "ncp": "~0.4.2",
        "rimraf": "~2.2.0"
      },
      "dependencies": {
        "rimraf": {
          "version": "2.2.8",
          "resolved": "https://registry.npmjs.org/rimraf/-/rimraf-2.2.8.tgz",
          "integrity": "sha1-5Dm+Kq7jJzIZUnMPmaiSnk/FBYI="
        }
      }
    },
    "graceful-fs": {
      "version": "1.2.3",
      "resolved": "https://registry.npmjs.org/graceful-fs/-/graceful-fs-1.2.3.tgz",
      "integrity": "sha1-FaSAaldUfLLS2/J/QuiajDRRs2Q=",
      "optional": true
    },
    "http-proxy-agent": {
      "version": "0.2.7",
      "resolved": "https://registry.npmjs.org/http-proxy-agent/-/http-proxy-agent-0.2.7.tgz",
      "integrity": "sha1-4X/aZfCQLZUs55IeYsf/iGJlWl4=",
      "requires": {
        "agent-base": "~1.0.1",
        "debug": "2",
        "extend": "3"
      },
      "dependencies": {
        "debug": {
          "version": "2.6.9",
          "resolved": "https://registry.npmjs.org/debug/-/debug-2.6.9.tgz",
          "integrity": "sha512-bC7ElrdJaJnPbAP+1EotYvqZsb3ecl5wi6Bfi6BJTUcNowp6cvspg0jXznRTKDjm/E7AdgFBVeAPVMNcKGsHMA==",
          "requires": {
            "ms": "2.0.0"
          }
        }
      }
    },
    "https-proxy-agent": {
      "version": "0.3.6",
      "resolved": "https://registry.npmjs.org/https-proxy-agent/-/https-proxy-agent-0.3.6.tgz",
      "integrity": "sha1-cT+jjl01P1DrFKNC/r4pAz7RYZs=",
      "requires": {
        "agent-base": "~1.0.1",
        "debug": "2",
        "extend": "3"
      },
      "dependencies": {
        "debug": {
          "version": "2.6.9",
          "resolved": "https://registry.npmjs.org/debug/-/debug-2.6.9.tgz",
          "integrity": "sha512-bC7ElrdJaJnPbAP+1EotYvqZsb3ecl5wi6Bfi6BJTUcNowp6cvspg0jXznRTKDjm/E7AdgFBVeAPVMNcKGsHMA==",
          "requires": {
            "ms": "2.0.0"
          }
        }
      }
    },
    "inherits": {
      "version": "2.0.3",
      "resolved": "https://registry.npmjs.org/inherits/-/inherits-2.0.3.tgz",
      "integrity": "sha1-Yzwsg+PaQqUC9SRmAiSA9CCCYd4="
    },
    "isarray": {
      "version": "1.0.0",
      "resolved": "https://registry.npmjs.org/isarray/-/isarray-1.0.0.tgz",
      "integrity": "sha1-u5NdSFgsuhaMBoNJV6VKPgcSTxE="
    },
    "jog": {
      "version": "0.4.0",
      "resolved": "https://registry.npmjs.org/jog/-/jog-0.4.0.tgz",
      "integrity": "sha1-R5k/sji19Gr+iGPoSmgz7I+khcA=",
      "requires": {
        "commander": "0.5.2",
        "debug": "*",
        "ms": "0.1.0",
        "redis": "0.7.1"
      },
      "dependencies": {
        "commander": {
          "version": "0.5.2",
          "resolved": "https://registry.npmjs.org/commander/-/commander-0.5.2.tgz",
          "integrity": "sha1-8nAyZwmhFaEmz+1WI4UkObjko7U="
        },
        "ms": {
          "version": "0.1.0",
          "resolved": "https://registry.npmjs.org/ms/-/ms-0.1.0.tgz",
          "integrity": "sha1-8h+sSQ2vHXZn/RgP6QdzicyUQrI="
        }
      }
    },
    "jsonfile": {
      "version": "1.0.1",
      "resolved": "https://registry.npmjs.org/jsonfile/-/jsonfile-1.0.1.tgz",
      "integrity": "sha1-6l7+QLg2kLmGZ2FKc5L8YOhCwN0="
    },
    "keypress": {
      "version": "0.1.0",
      "resolved": "https://registry.npmjs.org/keypress/-/keypress-0.1.0.tgz",
      "integrity": "sha1-SjGI1CkbZrT2XtuZ+AaqmuKTWSo="
    },
    "main.css": {
      "version": "0.0.1",
      "resolved": "https://registry.npmjs.org/main.css/-/main.css-0.0.1.tgz",
      "integrity": "sha512-oBNgYKLcZMO7OtqLoFi3ZHJFqXRLbIbsstXkrGY99KXzKTu7gbA9/vU2SPmeNnOjlZHmhA0HUs8IFsGmZsH+zQ=="
    },
    "methods": {
      "version": "1.1.2",
      "resolved": "https://registry.npmjs.org/methods/-/methods-1.1.2.tgz",
      "integrity": "sha1-VSmk1nZUE07cxSZmVoNbD4Ua/O4="
    },
    "mime": {
      "version": "1.6.0",
      "resolved": "https://registry.npmjs.org/mime/-/mime-1.6.0.tgz",
      "integrity": "sha512-x0Vn8spI+wuJ1O6S7gnbaQg8Pxh4NNHb7KSINmEWKiPE4RKOplvijn+NkmYmmRgP68mc70j2EbeTFRsrswaQeg=="
    },
    "mime-db": {
      "version": "1.35.0",
      "resolved": "https://registry.npmjs.org/mime-db/-/mime-db-1.35.0.tgz",
      "integrity": "sha512-JWT/IcCTsB0Io3AhWUMjRqucrHSPsSf2xKLaRldJVULioggvkJvggZ3VXNNSRkCddE6D+BUI4HEIZIA2OjwIvg=="
    },
    "mime-types": {
      "version": "2.1.19",
      "resolved": "https://registry.npmjs.org/mime-types/-/mime-types-2.1.19.tgz",
      "integrity": "sha512-P1tKYHVSZ6uFo26mtnve4HQFE3koh1UWVkp8YUC+ESBHe945xWSoXuHHiGarDqcEZ+whpCDnlNw5LON0kLo+sw==",
      "requires": {
        "mime-db": "~1.35.0"
      }
    },
    "mkdirp": {
      "version": "0.3.4",
      "resolved": "https://registry.npmjs.org/mkdirp/-/mkdirp-0.3.4.tgz",
      "integrity": "sha1-+MgdITtymaAx8ZOlfXUqF9L2x9g="
    },
    "ms": {
      "version": "2.0.0",
      "resolved": "https://registry.npmjs.org/ms/-/ms-2.0.0.tgz",
      "integrity": "sha1-VgiurfwAvmwpAd9fmGF4jeDVl8g="
    },
    "ncp": {
      "version": "0.4.2",
      "resolved": "https://registry.npmjs.org/ncp/-/ncp-0.4.2.tgz",
      "integrity": "sha1-q8xsvT7C7Spyn/bnwfqPAXhKhXQ="
    },
    "netrc": {
      "version": "0.1.4",
      "resolved": "https://registry.npmjs.org/netrc/-/netrc-0.1.4.tgz",
      "integrity": "sha1-a+lPysqNd63gqWcNxGCRTJRHJEQ="
    },
    "nib": {
      "version": "0.9.2",
      "resolved": "https://registry.npmjs.org/nib/-/nib-0.9.2.tgz",
      "integrity": "sha1-8UVwzQyaN2CbO2YqXm/I+xxsJp4=",
      "requires": {
        "stylus": "0.31.x"
      },
      "dependencies": {
        "stylus": {
          "version": "0.31.0",
          "resolved": "https://registry.npmjs.org/stylus/-/stylus-0.31.0.tgz",
          "integrity": "sha1-tPgHqgZ/Bxq3B/LIrhQ6syEeUbI=",
          "requires": {
            "cssom": "0.2.x",
            "debug": "*",
            "mkdirp": "0.3.x"
          }
        }
      }
    },
    "open": {
      "version": "0.0.4",
      "resolved": "https://registry.npmjs.org/open/-/open-0.0.4.tgz",
      "integrity": "sha1-XeRqCFi59J+fIRqo8mYoVQZX8mI="
    },
    "process-nextick-args": {
      "version": "2.0.0",
      "resolved": "https://registry.npmjs.org/process-nextick-args/-/process-nextick-args-2.0.0.tgz",
      "integrity": "sha512-MtEC1TqN0EU5nephaJ4rAtThHtC86dNN9qCuEhtshvpVBkAW5ZO7BASN9REnF9eoXGcRub+pFuKEpOHE+HbEMw=="
    },
    "qs": {
      "version": "6.5.2",
      "resolved": "https://registry.npmjs.org/qs/-/qs-6.5.2.tgz",
      "integrity": "sha512-N5ZAX4/LxJmF+7wN74pUD6qAh9/wnvdQcjq9TZjevvXzSUo7bfmw91saqMjzGS2xq91/odN2dW/WOl7qQHNDGA=="
    },
    "rainbowsocks": {
      "version": "0.1.3",
      "resolved": "https://registry.npmjs.org/rainbowsocks/-/rainbowsocks-0.1.3.tgz",
      "integrity": "sha1-WJRwXvpfIpn26SHOlQ5CMb0SOtI=",
      "requires": {
        "debug": "~2.2.0"
      },
      "dependencies": {
        "debug": {
          "version": "2.2.0",
          "resolved": "https://registry.npmjs.org/debug/-/debug-2.2.0.tgz",
          "integrity": "sha1-+HBX6ZWxofauaklgZkE3vFbwOdo=",
          "requires": {
            "ms": "0.7.1"
          }
        },
        "ms": {
          "version": "0.7.1",
          "resolved": "https://registry.npmjs.org/ms/-/ms-0.7.1.tgz",
          "integrity": "sha1-nNE8A62/8ltl7/3nzoZO6VIBcJg="
        }
      }
    },
    "readable-stream": {
      "version": "2.3.6",
      "resolved": "https://registry.npmjs.org/readable-stream/-/readable-stream-2.3.6.tgz",
      "integrity": "sha512-tQtKA9WIAhBF3+VLAseyMqZeBjW0AHJoxOtYqSUZNJxauErmLbVm2FW1y+J/YA9dUrAC39ITejlZWhVIwawkKw==",
      "requires": {
        "core-util-is": "~1.0.0",
        "inherits": "~2.0.3",
        "isarray": "~1.0.0",
        "process-nextick-args": "~2.0.0",
        "safe-buffer": "~5.1.1",
        "string_decoder": "~1.1.1",
        "util-deprecate": "~1.0.1"
      }
    },
    "redis": {
      "version": "0.7.1",
      "resolved": "https://registry.npmjs.org/redis/-/redis-0.7.1.tgz",
      "integrity": "sha1-DcwCYzLH1b4Rq0NnjtKK9qnMjXU="
    },
    "rimraf": {
      "version": "2.1.4",
      "resolved": "https://registry.npmjs.org/rimraf/-/rimraf-2.1.4.tgz",
      "integrity": "sha1-Wm62Lu2gaPUe3lDymz5c0i89m7I=",
      "requires": {
        "graceful-fs": "~1"
      }
    },
    "safe-buffer": {
      "version": "5.1.2",
      "resolved": "https://registry.npmjs.org/safe-buffer/-/safe-buffer-5.1.2.tgz",
      "integrity": "sha512-Gd2UZBJDkXlY7GbJxfsE8/nvKkUEU1G38c1siN6QP6a9PT9MmHB8GnpscSmMJSoF8LOIrt8ud/wPtojys4G6+g=="
    },
    "shoelace": {
      "version": "0.1.1",
      "resolved": "https://registry.npmjs.org/shoelace/-/shoelace-0.1.1.tgz",
      "integrity": "sha1-Fa3czDl4dl9Qy1EuQ7gXxI7/XdI=",
      "requires": {
        "commander": "~2.0.0",
        "component": "~0.18.0",
        "component-builder": "~0.8.3",
        "component-stylus": "~1.1.3"
      }
    },
    "shoelace-css": {
      "version": "1.0.0-beta24",
      "resolved": "https://registry.npmjs.org/shoelace-css/-/shoelace-css-1.0.0-beta24.tgz",
      "integrity": "sha512-jr+ZFeR+7X8lAEHWlsi2JFVxiVRhOb4v6QP3xjaqz8LUQykEuUt9TIgEiLlA4rFS+8xJFqVlTbQRUgbgKFhtfg=="
    },
    "socks-proxy-agent": {
      "version": "0.1.2",
      "resolved": "https://registry.npmjs.org/socks-proxy-agent/-/socks-proxy-agent-0.1.2.tgz",
      "integrity": "sha1-6JgUhjYIlvaS9gC6Uql0yLI9wSE=",
      "requires": {
        "agent-base": "~1.0.1",
        "extend": "~1.2.1",
        "rainbowsocks": "~0.1.2"
      },
      "dependencies": {
        "extend": {
          "version": "1.2.1",
          "resolved": "https://registry.npmjs.org/extend/-/extend-1.2.1.tgz",
          "integrity": "sha1-oPX9bPyDpf5J72mNYOyKYk3UV2w="
        }
      }
    },
    "string-to-js": {
      "version": "0.0.1",
      "resolved": "https://registry.npmjs.org/string-to-js/-/string-to-js-0.0.1.tgz",
      "integrity": "sha1-vxU8dgY2+qMHabgEoBlVUrp62A8="
    },
    "string_decoder": {
      "version": "1.1.1",
      "resolved": "https://registry.npmjs.org/string_decoder/-/string_decoder-1.1.1.tgz",
      "integrity": "sha512-n/ShnvDi6FHbbVfviro+WojiFzv+s8MPMHBczVePfUpDJLwoLT0ht1l4YwBCbi8pJAveEEdnkHyPyTP/mzRfwg==",
      "requires": {
        "safe-buffer": "~5.1.0"
      }
    },
    "stylus": {
      "version": "0.32.1",
      "resolved": "https://registry.npmjs.org/stylus/-/stylus-0.32.1.tgz",
      "integrity": "sha1-PSgnW9nxgQhfjdD6UqhVlpaXghI=",
      "requires": {
        "cssom": "0.2.x",
        "debug": "*",
        "mkdirp": "0.3.x"
      }
    },
    "superagent": {
      "version": "3.8.3",
      "resolved": "https://registry.npmjs.org/superagent/-/superagent-3.8.3.tgz",
      "integrity": "sha512-GLQtLMCoEIK4eDv6OGtkOoSMt3D+oq0y3dsxMuYuDvaNUvuT8eFBuLmfR0iYYzHC1e8hpzC6ZsxbuP6DIalMFA==",
      "requires": {
        "component-emitter": "^1.2.0",
        "cookiejar": "^2.1.0",
        "debug": "^3.1.0",
        "extend": "^3.0.0",
        "form-data": "^2.3.1",
        "formidable": "^1.2.0",
        "methods": "^1.1.1",
        "mime": "^1.4.1",
        "qs": "^6.5.1",
        "readable-stream": "^2.3.5"
      }
    },
    "superagent-proxy": {
      "version": "0.0.1",
      "resolved": "https://registry.npmjs.org/superagent-proxy/-/superagent-proxy-0.0.1.tgz",
      "integrity": "sha1-FdEr968J0fi8h3pEzj0vrkzo0mI=",
      "requires": {
        "http-proxy-agent": "0",
        "https-proxy-agent": "0",
        "socks-proxy-agent": "0"
      }
    },
    "util-deprecate": {
      "version": "1.0.2",
      "resolved": "https://registry.npmjs.org/util-deprecate/-/util-deprecate-1.0.2.tgz",
      "integrity": "sha1-RQ1Nyfpw3nMnYvvS1KKJgUGaDM8="
    },
    "win-fork": {
      "version": "1.0.0",
      "resolved": "https://registry.npmjs.org/win-fork/-/win-fork-1.0.0.tgz",
      "integrity": "sha1-byH37D7gcVKxAwxghhzeOOe2ZkY="
    }
  }
}
